
Microsoft Visual Studio Solution File, Format Version 12.00
# Visual Studio Version 17
VisualStudioVersion = 17.7.34221.43
MinimumVisualStudioVersion = 10.0.40219.1
Project("{FAE04EC0-301F-11D3-BF4B-00C04F79EFBC}") = "EstruturaRepeticaoFor", "EstruturaRepeticaoFor\EstruturaRepeticaoFor.csproj", "{1ABCDED0-5C01-48AB-9DF2-B5DAA5EBC5CD}"
EndProject
Global
	GlobalSection(SolutionConfigurationPlatforms) = preSolution
		Debug|Any CPU = Debug|Any CPU
		Release|Any CPU = Release|Any CPU
	EndGlobalSection
	GlobalSection(ProjectConfigurationPlatforms) = postSolution
		{1ABCDED0-5C01-48AB-9DF2-B5DAA5EBC5CD}.Debug|Any CPU.ActiveCfg = Debug|Any CPU
		{1ABCDED0-5C01-48AB-9DF2-B5DAA5EBC5CD}.Debug|Any CPU.Build.0 = Debug|Any CPU
		{1ABCDED0-5C01-48AB-9DF2-B5DAA5EBC5CD}.Release|Any CPU.ActiveCfg = Release|Any CPU
		{1ABCDED0-5C01-48AB-9DF2-B5DAA5EBC5CD}.Release|Any CPU.Build.0 = Release|Any CPU
	EndGlobalSection
	GlobalSection(SolutionProperties) = preSolution
		HideSolutionNode = FALSE
	EndGlobalSection
	GlobalSection(ExtensibilityGlobals) = postSolution
		SolutionGuid = {79B9BE0F-100D-4E00-8090-66441323D140}
	EndGlobalSection
EndGlobal
